
Microsoft Visual Studio Solution File, Format Version 12.00
# Visual Studio Version 17
VisualStudioVersion = 17.13.35818.85 d17.13
MinimumVisualStudioVersion = 10.0.40219.1
Project("{FAE04EC0-301F-11D3-BF4B-00C04F79EFBC}") = "LikeLion41", "LikeLion41\LikeLion41.csproj", "{440B52D7-6489-4602-AA0D-F8F7398C7B1C}"
EndProject
Global
	GlobalSection(SolutionConfigurationPlatforms) = preSolution
		Debug|Any CPU = Debug|Any CPU
		Release|Any CPU = Release|Any CPU
	EndGlobalSection
	GlobalSection(ProjectConfigurationPlatforms) = postSolution
		{440B52D7-6489-4602-AA0D-F8F7398C7B1C}.Debug|Any CPU.ActiveCfg = Debug|Any CPU
		{440B52D7-6489-4602-AA0D-F8F7398C7B1C}.Debug|Any CPU.Build.0 = Debug|Any CPU
		{440B52D7-6489-4602-AA0D-F8F7398C7B1C}.Release|Any CPU.ActiveCfg = Release|Any CPU
		{440B52D7-6489-4602-AA0D-F8F7398C7B1C}.Release|Any CPU.Build.0 = Release|Any CPU
	EndGlobalSection
	GlobalSection(SolutionProperties) = preSolution
		HideSolutionNode = FALSE
	EndGlobalSection
	GlobalSection(ExtensibilityGlobals) = postSolution
		SolutionGuid = {70BB0CD3-6BE6-4803-B670-3501A4B3236E}
	EndGlobalSection
EndGlobal
