
Microsoft Visual Studio Solution File, Format Version 12.00
# Visual Studio Version 17
VisualStudioVersion = 17.13.35818.85 d17.13
MinimumVisualStudioVersion = 10.0.40219.1
Project("{FAE04EC0-301F-11D3-BF4B-00C04F79EFBC}") = "StudyReadLine", "StudyReadLine\StudyReadLine.csproj", "{D4401F8F-2DBD-4211-90E2-7585B8EF9F37}"
EndProject
Global
	GlobalSection(SolutionConfigurationPlatforms) = preSolution
		Debug|Any CPU = Debug|Any CPU
		Release|Any CPU = Release|Any CPU
	EndGlobalSection
	GlobalSection(ProjectConfigurationPlatforms) = postSolution
		{D4401F8F-2DBD-4211-90E2-7585B8EF9F37}.Debug|Any CPU.ActiveCfg = Debug|Any CPU
		{D4401F8F-2DBD-4211-90E2-7585B8EF9F37}.Debug|Any CPU.Build.0 = Debug|Any CPU
		{D4401F8F-2DBD-4211-90E2-7585B8EF9F37}.Release|Any CPU.ActiveCfg = Release|Any CPU
		{D4401F8F-2DBD-4211-90E2-7585B8EF9F37}.Release|Any CPU.Build.0 = Release|Any CPU
	EndGlobalSection
	GlobalSection(SolutionProperties) = preSolution
		HideSolutionNode = FALSE
	EndGlobalSection
	GlobalSection(ExtensibilityGlobals) = postSolution
		SolutionGuid = {BA57CFD8-8CBD-4E61-866C-6A58D5897850}
	EndGlobalSection
EndGlobal
