
Microsoft Visual Studio Solution File, Format Version 12.00
# Visual Studio Version 17
VisualStudioVersion = 17.13.35818.85 d17.13
MinimumVisualStudioVersion = 10.0.40219.1
Project("{FAE04EC0-301F-11D3-BF4B-00C04F79EFBC}") = "LikeLion16", "LikeLion16\LikeLion16.csproj", "{0D56B627-6F1F-4819-947A-651C88366F39}"
EndProject
Global
	GlobalSection(SolutionConfigurationPlatforms) = preSolution
		Debug|Any CPU = Debug|Any CPU
		Release|Any CPU = Release|Any CPU
	EndGlobalSection
	GlobalSection(ProjectConfigurationPlatforms) = postSolution
		{0D56B627-6F1F-4819-947A-651C88366F39}.Debug|Any CPU.ActiveCfg = Debug|Any CPU
		{0D56B627-6F1F-4819-947A-651C88366F39}.Debug|Any CPU.Build.0 = Debug|Any CPU
		{0D56B627-6F1F-4819-947A-651C88366F39}.Release|Any CPU.ActiveCfg = Release|Any CPU
		{0D56B627-6F1F-4819-947A-651C88366F39}.Release|Any CPU.Build.0 = Release|Any CPU
	EndGlobalSection
	GlobalSection(SolutionProperties) = preSolution
		HideSolutionNode = FALSE
	EndGlobalSection
	GlobalSection(ExtensibilityGlobals) = postSolution
		SolutionGuid = {2455E337-A5D7-49D2-A359-1A098F964880}
	EndGlobalSection
EndGlobal
