
Microsoft Visual Studio Solution File, Format Version 12.00
# Visual Studio Version 17
VisualStudioVersion = 17.13.35818.85 d17.13
MinimumVisualStudioVersion = 10.0.40219.1
Project("{FAE04EC0-301F-11D3-BF4B-00C04F79EFBC}") = "이벤트", "이벤트\이벤트.csproj", "{158A6915-0421-4ADD-AE2B-F775127B68E6}"
EndProject
Global
	GlobalSection(SolutionConfigurationPlatforms) = preSolution
		Debug|Any CPU = Debug|Any CPU
		Release|Any CPU = Release|Any CPU
	EndGlobalSection
	GlobalSection(ProjectConfigurationPlatforms) = postSolution
		{158A6915-0421-4ADD-AE2B-F775127B68E6}.Debug|Any CPU.ActiveCfg = Debug|Any CPU
		{158A6915-0421-4ADD-AE2B-F775127B68E6}.Debug|Any CPU.Build.0 = Debug|Any CPU
		{158A6915-0421-4ADD-AE2B-F775127B68E6}.Release|Any CPU.ActiveCfg = Release|Any CPU
		{158A6915-0421-4ADD-AE2B-F775127B68E6}.Release|Any CPU.Build.0 = Release|Any CPU
	EndGlobalSection
	GlobalSection(SolutionProperties) = preSolution
		HideSolutionNode = FALSE
	EndGlobalSection
	GlobalSection(ExtensibilityGlobals) = postSolution
		SolutionGuid = {FE994F7F-601F-41F2-BBE1-486BE4E9F326}
	EndGlobalSection
EndGlobal
