
Microsoft Visual Studio Solution File, Format Version 12.00
# Visual Studio Version 17
VisualStudioVersion = 17.13.35818.85 d17.13
MinimumVisualStudioVersion = 10.0.40219.1
Project("{FAE04EC0-301F-11D3-BF4B-00C04F79EFBC}") = "LikeLion36", "LikeLion36\LikeLion36.csproj", "{19D16F64-EC82-4336-B59F-91A61EE66715}"
EndProject
Global
	GlobalSection(SolutionConfigurationPlatforms) = preSolution
		Debug|Any CPU = Debug|Any CPU
		Release|Any CPU = Release|Any CPU
	EndGlobalSection
	GlobalSection(ProjectConfigurationPlatforms) = postSolution
		{19D16F64-EC82-4336-B59F-91A61EE66715}.Debug|Any CPU.ActiveCfg = Debug|Any CPU
		{19D16F64-EC82-4336-B59F-91A61EE66715}.Debug|Any CPU.Build.0 = Debug|Any CPU
		{19D16F64-EC82-4336-B59F-91A61EE66715}.Release|Any CPU.ActiveCfg = Release|Any CPU
		{19D16F64-EC82-4336-B59F-91A61EE66715}.Release|Any CPU.Build.0 = Release|Any CPU
	EndGlobalSection
	GlobalSection(SolutionProperties) = preSolution
		HideSolutionNode = FALSE
	EndGlobalSection
	GlobalSection(ExtensibilityGlobals) = postSolution
		SolutionGuid = {DEA57121-9AFF-4AB5-B48E-48AB9A9C5380}
	EndGlobalSection
EndGlobal
