
Microsoft Visual Studio Solution File, Format Version 12.00
# Visual Studio Version 17
VisualStudioVersion = 17.13.35818.85 d17.13
MinimumVisualStudioVersion = 10.0.40219.1
Project("{FAE04EC0-301F-11D3-BF4B-00C04F79EFBC}") = "LikeLion30", "LikeLion30\LikeLion30.csproj", "{0CD2C7FC-D12D-42EB-BAA2-5C2444AC8019}"
EndProject
Global
	GlobalSection(SolutionConfigurationPlatforms) = preSolution
		Debug|Any CPU = Debug|Any CPU
		Release|Any CPU = Release|Any CPU
	EndGlobalSection
	GlobalSection(ProjectConfigurationPlatforms) = postSolution
		{0CD2C7FC-D12D-42EB-BAA2-5C2444AC8019}.Debug|Any CPU.ActiveCfg = Debug|Any CPU
		{0CD2C7FC-D12D-42EB-BAA2-5C2444AC8019}.Debug|Any CPU.Build.0 = Debug|Any CPU
		{0CD2C7FC-D12D-42EB-BAA2-5C2444AC8019}.Release|Any CPU.ActiveCfg = Release|Any CPU
		{0CD2C7FC-D12D-42EB-BAA2-5C2444AC8019}.Release|Any CPU.Build.0 = Release|Any CPU
	EndGlobalSection
	GlobalSection(SolutionProperties) = preSolution
		HideSolutionNode = FALSE
	EndGlobalSection
	GlobalSection(ExtensibilityGlobals) = postSolution
		SolutionGuid = {2C400D7D-6B0B-4CC2-97E5-D33E7B89CF38}
	EndGlobalSection
EndGlobal
