
Microsoft Visual Studio Solution File, Format Version 12.00
# Visual Studio Version 17
VisualStudioVersion = 17.13.35818.85 d17.13
MinimumVisualStudioVersion = 10.0.40219.1
Project("{FAE04EC0-301F-11D3-BF4B-00C04F79EFBC}") = "LikeLion18", "LikeLion18\LikeLion18.csproj", "{FF0723FE-7D4F-47DE-9D9F-40C1AE37C4DC}"
EndProject
Global
	GlobalSection(SolutionConfigurationPlatforms) = preSolution
		Debug|Any CPU = Debug|Any CPU
		Release|Any CPU = Release|Any CPU
	EndGlobalSection
	GlobalSection(ProjectConfigurationPlatforms) = postSolution
		{FF0723FE-7D4F-47DE-9D9F-40C1AE37C4DC}.Debug|Any CPU.ActiveCfg = Debug|Any CPU
		{FF0723FE-7D4F-47DE-9D9F-40C1AE37C4DC}.Debug|Any CPU.Build.0 = Debug|Any CPU
		{FF0723FE-7D4F-47DE-9D9F-40C1AE37C4DC}.Release|Any CPU.ActiveCfg = Release|Any CPU
		{FF0723FE-7D4F-47DE-9D9F-40C1AE37C4DC}.Release|Any CPU.Build.0 = Release|Any CPU
	EndGlobalSection
	GlobalSection(SolutionProperties) = preSolution
		HideSolutionNode = FALSE
	EndGlobalSection
	GlobalSection(ExtensibilityGlobals) = postSolution
		SolutionGuid = {E02E0F5F-85E7-4FD3-A65E-1B01AE932CB3}
	EndGlobalSection
EndGlobal
