
Microsoft Visual Studio Solution File, Format Version 12.00
# Visual Studio Version 17
VisualStudioVersion = 17.13.35818.85 d17.13
MinimumVisualStudioVersion = 10.0.40219.1
Project("{FAE04EC0-301F-11D3-BF4B-00C04F79EFBC}") = "LikeLion39", "LikeLion39\LikeLion39.csproj", "{98138298-CB43-4906-9317-E9BE4131592C}"
EndProject
Global
	GlobalSection(SolutionConfigurationPlatforms) = preSolution
		Debug|Any CPU = Debug|Any CPU
		Release|Any CPU = Release|Any CPU
	EndGlobalSection
	GlobalSection(ProjectConfigurationPlatforms) = postSolution
		{98138298-CB43-4906-9317-E9BE4131592C}.Debug|Any CPU.ActiveCfg = Debug|Any CPU
		{98138298-CB43-4906-9317-E9BE4131592C}.Debug|Any CPU.Build.0 = Debug|Any CPU
		{98138298-CB43-4906-9317-E9BE4131592C}.Release|Any CPU.ActiveCfg = Release|Any CPU
		{98138298-CB43-4906-9317-E9BE4131592C}.Release|Any CPU.Build.0 = Release|Any CPU
	EndGlobalSection
	GlobalSection(SolutionProperties) = preSolution
		HideSolutionNode = FALSE
	EndGlobalSection
	GlobalSection(ExtensibilityGlobals) = postSolution
		SolutionGuid = {538F0D3C-6E02-442B-B619-CE5A091C409D}
	EndGlobalSection
EndGlobal
