
Microsoft Visual Studio Solution File, Format Version 12.00
# Visual Studio Version 17
VisualStudioVersion = 17.13.35818.85 d17.13
MinimumVisualStudioVersion = 10.0.40219.1
Project("{FAE04EC0-301F-11D3-BF4B-00C04F79EFBC}") = "LikeLion13", "LikeLion13\LikeLion13.csproj", "{D868B97E-F2FF-41DD-B4D2-C57FA74C2CB5}"
EndProject
Global
	GlobalSection(SolutionConfigurationPlatforms) = preSolution
		Debug|Any CPU = Debug|Any CPU
		Release|Any CPU = Release|Any CPU
	EndGlobalSection
	GlobalSection(ProjectConfigurationPlatforms) = postSolution
		{D868B97E-F2FF-41DD-B4D2-C57FA74C2CB5}.Debug|Any CPU.ActiveCfg = Debug|Any CPU
		{D868B97E-F2FF-41DD-B4D2-C57FA74C2CB5}.Debug|Any CPU.Build.0 = Debug|Any CPU
		{D868B97E-F2FF-41DD-B4D2-C57FA74C2CB5}.Release|Any CPU.ActiveCfg = Release|Any CPU
		{D868B97E-F2FF-41DD-B4D2-C57FA74C2CB5}.Release|Any CPU.Build.0 = Release|Any CPU
	EndGlobalSection
	GlobalSection(SolutionProperties) = preSolution
		HideSolutionNode = FALSE
	EndGlobalSection
	GlobalSection(ExtensibilityGlobals) = postSolution
		SolutionGuid = {35784401-9773-4171-9D22-B548502E880F}
	EndGlobalSection
EndGlobal
