
Microsoft Visual Studio Solution File, Format Version 12.00
# Visual Studio Version 17
VisualStudioVersion = 17.13.35818.85 d17.13
MinimumVisualStudioVersion = 10.0.40219.1
Project("{FAE04EC0-301F-11D3-BF4B-00C04F79EFBC}") = "LikeLion24", "LikeLion24\LikeLion24.csproj", "{11A8AD9F-8E5D-44AB-A241-A9D4DB2A2362}"
EndProject
Global
	GlobalSection(SolutionConfigurationPlatforms) = preSolution
		Debug|Any CPU = Debug|Any CPU
		Release|Any CPU = Release|Any CPU
	EndGlobalSection
	GlobalSection(ProjectConfigurationPlatforms) = postSolution
		{11A8AD9F-8E5D-44AB-A241-A9D4DB2A2362}.Debug|Any CPU.ActiveCfg = Debug|Any CPU
		{11A8AD9F-8E5D-44AB-A241-A9D4DB2A2362}.Debug|Any CPU.Build.0 = Debug|Any CPU
		{11A8AD9F-8E5D-44AB-A241-A9D4DB2A2362}.Release|Any CPU.ActiveCfg = Release|Any CPU
		{11A8AD9F-8E5D-44AB-A241-A9D4DB2A2362}.Release|Any CPU.Build.0 = Release|Any CPU
	EndGlobalSection
	GlobalSection(SolutionProperties) = preSolution
		HideSolutionNode = FALSE
	EndGlobalSection
	GlobalSection(ExtensibilityGlobals) = postSolution
		SolutionGuid = {C42F2030-5147-496C-AAF7-7EAFE812677F}
	EndGlobalSection
EndGlobal
